
Microsoft Visual Studio Solution File, Format Version 12.00
# Visual Studio Version 16
VisualStudioVersion = 16.0.29009.5
MinimumVisualStudioVersion = 10.0.40219.1
Project("{FAE04EC0-301F-11D3-BF4B-00C04F79EFBC}") = "MobileConfigServices", "MobileConfigServices\MobileConfigServices.csproj", "{C394219D-9022-4EFB-8F07-13D0317E5152}"
EndProject
Global
	GlobalSection(SolutionConfigurationPlatforms) = preSolution
		Debug|Any CPU = Debug|Any CPU
		Release|Any CPU = Release|Any CPU
	EndGlobalSection
	GlobalSection(ProjectConfigurationPlatforms) = postSolution
		{C394219D-9022-4EFB-8F07-13D0317E5152}.Debug|Any CPU.ActiveCfg = Debug|Any CPU
		{C394219D-9022-4EFB-8F07-13D0317E5152}.Debug|Any CPU.Build.0 = Debug|Any CPU
		{C394219D-9022-4EFB-8F07-13D0317E5152}.Release|Any CPU.ActiveCfg = Release|Any CPU
		{C394219D-9022-4EFB-8F07-13D0317E5152}.Release|Any CPU.Build.0 = Release|Any CPU
	EndGlobalSection
	GlobalSection(SolutionProperties) = preSolution
		HideSolutionNode = FALSE
	EndGlobalSection
	GlobalSection(ExtensibilityGlobals) = postSolution
		SolutionGuid = {DD29B994-0682-4926-AFE2-E36CECD0BD88}
	EndGlobalSection
EndGlobal
